
Microsoft Visual Studio Solution File, Format Version 12.00
# Visual Studio Version 16
VisualStudioVersion = 16.0.31025.194
MinimumVisualStudioVersion = 10.0.40219.1
Project("{FAE04EC0-301F-11D3-BF4B-00C04F79EFBC}") = "Exercise1", "Exercise1\Exercise1.csproj", "{4E52ACCB-52DD-48C1-A08B-23396456070A}"
EndProject
Project("{FAE04EC0-301F-11D3-BF4B-00C04F79EFBC}") = "Exercise2", "Exercise2\Exercise2.csproj", "{F85ED6AD-FF7B-4FED-98DA-469EC58AB75D}"
EndProject
Project("{FAE04EC0-301F-11D3-BF4B-00C04F79EFBC}") = "Exercise3", "Exercise3\Exercise3.csproj", "{6FD367F3-3026-4076-921C-12685BE55A1F}"
EndProject
Project("{FAE04EC0-301F-11D3-BF4B-00C04F79EFBC}") = "Exercise4", "Exercise4\Exercise4.csproj", "{739CE95B-0094-49D2-876E-194688D5DB6F}"
EndProject
Project("{FAE04EC0-301F-11D3-BF4B-00C04F79EFBC}") = "Exercise5", "Exercise5\Exercise5.csproj", "{022E60A3-B51C-4F43-B284-5305CA8D9DE2}"
EndProject
Project("{FAE04EC0-301F-11D3-BF4B-00C04F79EFBC}") = "Exercise6", "Exercise6\Exercise6.csproj", "{9D6D0463-4C2B-4DA2-A368-BA7189E5D509}"
EndProject
Project("{FAE04EC0-301F-11D3-BF4B-00C04F79EFBC}") = "Exercise7", "Exercise7\Exercise7.csproj", "{684D566D-B413-42CC-9852-3D836436C5E6}"
EndProject
Project("{FAE04EC0-301F-11D3-BF4B-00C04F79EFBC}") = "Exercise8", "Exercise8\Exercise8.csproj", "{24BB072A-4B5D-4DEA-9EDC-A7468F26E64D}"
EndProject
Project("{FAE04EC0-301F-11D3-BF4B-00C04F79EFBC}") = "Exercise9", "Exercise9\Exercise9.csproj", "{D6E73D4C-7D50-486B-8096-19E52057D734}"
EndProject
Global
	GlobalSection(SolutionConfigurationPlatforms) = preSolution
		Debug|Any CPU = Debug|Any CPU
		Release|Any CPU = Release|Any CPU
	EndGlobalSection
	GlobalSection(ProjectConfigurationPlatforms) = postSolution
		{4E52ACCB-52DD-48C1-A08B-23396456070A}.Debug|Any CPU.ActiveCfg = Debug|Any CPU
		{4E52ACCB-52DD-48C1-A08B-23396456070A}.Debug|Any CPU.Build.0 = Debug|Any CPU
		{4E52ACCB-52DD-48C1-A08B-23396456070A}.Release|Any CPU.ActiveCfg = Release|Any CPU
		{4E52ACCB-52DD-48C1-A08B-23396456070A}.Release|Any CPU.Build.0 = Release|Any CPU
		{F85ED6AD-FF7B-4FED-98DA-469EC58AB75D}.Debug|Any CPU.ActiveCfg = Debug|Any CPU
		{F85ED6AD-FF7B-4FED-98DA-469EC58AB75D}.Debug|Any CPU.Build.0 = Debug|Any CPU
		{F85ED6AD-FF7B-4FED-98DA-469EC58AB75D}.Release|Any CPU.ActiveCfg = Release|Any CPU
		{F85ED6AD-FF7B-4FED-98DA-469EC58AB75D}.Release|Any CPU.Build.0 = Release|Any CPU
		{6FD367F3-3026-4076-921C-12685BE55A1F}.Debug|Any CPU.ActiveCfg = Debug|Any CPU
		{6FD367F3-3026-4076-921C-12685BE55A1F}.Debug|Any CPU.Build.0 = Debug|Any CPU
		{6FD367F3-3026-4076-921C-12685BE55A1F}.Release|Any CPU.ActiveCfg = Release|Any CPU
		{6FD367F3-3026-4076-921C-12685BE55A1F}.Release|Any CPU.Build.0 = Release|Any CPU
		{739CE95B-0094-49D2-876E-194688D5DB6F}.Debug|Any CPU.ActiveCfg = Debug|Any CPU
		{739CE95B-0094-49D2-876E-194688D5DB6F}.Debug|Any CPU.Build.0 = Debug|Any CPU
		{739CE95B-0094-49D2-876E-194688D5DB6F}.Release|Any CPU.ActiveCfg = Release|Any CPU
		{739CE95B-0094-49D2-876E-194688D5DB6F}.Release|Any CPU.Build.0 = Release|Any CPU
		{022E60A3-B51C-4F43-B284-5305CA8D9DE2}.Debug|Any CPU.ActiveCfg = Debug|Any CPU
		{022E60A3-B51C-4F43-B284-5305CA8D9DE2}.Debug|Any CPU.Build.0 = Debug|Any CPU
		{022E60A3-B51C-4F43-B284-5305CA8D9DE2}.Release|Any CPU.ActiveCfg = Release|Any CPU
		{022E60A3-B51C-4F43-B284-5305CA8D9DE2}.Release|Any CPU.Build.0 = Release|Any CPU
		{9D6D0463-4C2B-4DA2-A368-BA7189E5D509}.Debug|Any CPU.ActiveCfg = Debug|Any CPU
		{9D6D0463-4C2B-4DA2-A368-BA7189E5D509}.Debug|Any CPU.Build.0 = Debug|Any CPU
		{9D6D0463-4C2B-4DA2-A368-BA7189E5D509}.Release|Any CPU.ActiveCfg = Release|Any CPU
		{9D6D0463-4C2B-4DA2-A368-BA7189E5D509}.Release|Any CPU.Build.0 = Release|Any CPU
		{684D566D-B413-42CC-9852-3D836436C5E6}.Debug|Any CPU.ActiveCfg = Debug|Any CPU
		{684D566D-B413-42CC-9852-3D836436C5E6}.Debug|Any CPU.Build.0 = Debug|Any CPU
		{684D566D-B413-42CC-9852-3D836436C5E6}.Release|Any CPU.ActiveCfg = Release|Any CPU
		{684D566D-B413-42CC-9852-3D836436C5E6}.Release|Any CPU.Build.0 = Release|Any CPU
		{24BB072A-4B5D-4DEA-9EDC-A7468F26E64D}.Debug|Any CPU.ActiveCfg = Debug|Any CPU
		{24BB072A-4B5D-4DEA-9EDC-A7468F26E64D}.Debug|Any CPU.Build.0 = Debug|Any CPU
		{24BB072A-4B5D-4DEA-9EDC-A7468F26E64D}.Release|Any CPU.ActiveCfg = Release|Any CPU
		{24BB072A-4B5D-4DEA-9EDC-A7468F26E64D}.Release|Any CPU.Build.0 = Release|Any CPU
		{D6E73D4C-7D50-486B-8096-19E52057D734}.Debug|Any CPU.ActiveCfg = Debug|Any CPU
		{D6E73D4C-7D50-486B-8096-19E52057D734}.Debug|Any CPU.Build.0 = Debug|Any CPU
		{D6E73D4C-7D50-486B-8096-19E52057D734}.Release|Any CPU.ActiveCfg = Release|Any CPU
		{D6E73D4C-7D50-486B-8096-19E52057D734}.Release|Any CPU.Build.0 = Release|Any CPU
	EndGlobalSection
	GlobalSection(SolutionProperties) = preSolution
		HideSolutionNode = FALSE
	EndGlobalSection
	GlobalSection(ExtensibilityGlobals) = postSolution
		SolutionGuid = {A6657BC8-79FF-4285-B942-0E0BC34EBE08}
	EndGlobalSection
EndGlobal
